{
  "lockfileVersion": 1,
  "configVersion": 1,
  "workspaces": {
    "": {
      "name": "wipegram",
      "dependencies": {
        "@mtcute/bun": "latest",
        "@opentui/core": "latest",
      },
      "devDependencies": {
        "@types/bun": "latest",
        "typescript": "^5.9.2",
      },
    },
  },
  "packages": {
    "@fuman/bun": ["@fuman/bun@0.0.21", "", { "dependencies": { "@fuman/io": "^0.0.21", "@fuman/net": "^0.0.21", "@fuman/utils": "^0.0.21" } }, "sha512-yWCFrBrZEhpsRu3LBYz5yx8XadTBgagNz1IHThbb+wK4Gj+tYFET6j6juoA+d2M1ff7vVPPfiN9YnkapyFEjbg=="],

    "@fuman/io": ["@fuman/io@0.0.21", "", { "dependencies": { "@fuman/utils": "^0.0.21" } }, "sha512-8tSqmAUBWFdYrQUednl3I3VxLudaVXfyCqmPyiaDAXgmABTnjD2LvbXoJ7StrV9bvlrwVmwE+smwiKXSJtji0g=="],

    "@fuman/net": ["@fuman/net@0.0.21", "", { "dependencies": { "@fuman/io": "^0.0.21", "@fuman/utils": "^0.0.21" } }, "sha512-4PbDA2f6SfR5CtOs7omZNrrRh1X23KQBI0XmpL/r1fVd726H6+IfhDRxm/fgNKlLgMwe6pGbI/hzt8JU0y0sgw=="],

    "@fuman/utils": ["@fuman/utils@0.0.21", "", {}, "sha512-2N5bPK18uGgZRans+ZQ33SE+xSGj4BZNnJbSUnGdH/i4ADTdz/ziC/16Qy3/Jqzbrwr21IpuKObnELp8DDfkDQ=="],

    "@mtcute/bun": ["@mtcute/bun@0.31.0", "", { "dependencies": { "@fuman/bun": "0.0.21", "@fuman/io": "0.0.21", "@fuman/net": "0.0.21", "@fuman/utils": "0.0.21", "@mtcute/core": "^0.31.0", "@mtcute/html-parser": "^0.31.0", "@mtcute/markdown-parser": "^0.31.0", "@mtcute/wasm": "^0.31.0" } }, "sha512-E5E6PrGrsGVh4vBZvftHpMrDGvvSZl79MwMIF4AmqdTgjF4pF0LLvhLG+yJzH03gJ1EmsyoJB/aVQI0jU9euFw=="],

    "@mtcute/core": ["@mtcute/core@0.31.0", "", { "dependencies": { "@fuman/io": "0.0.21", "@fuman/net": "0.0.21", "@fuman/utils": "0.0.21", "@mtcute/file-id": "^0.31.0", "@mtcute/tl-runtime": "^0.31.0", "@types/events": "3.0.0", "long": "^5.3.2" } }, "sha512-54w+3/4iZaQcY2eDxeswSrD9gutkDF+YWVKC97yU7JEJkdwpUvCmoGLcsxjAK6AQu5ipO8/+vPM0AdUZVFUtQg=="],

    "@mtcute/file-id": ["@mtcute/file-id@0.31.0", "", { "dependencies": { "@fuman/utils": "0.0.21", "@mtcute/tl-runtime": "^0.31.0", "long": "^5.3.2" } }, "sha512-hf0ZdPapa/zdtDlRzoffPEmFYHhC3HpkA5KvxJrRaKTP9boXLJ0qrgYSKPE/58Q247bcAccZxRXJg0c9d6hKzA=="],

    "@mtcute/html-parser": ["@mtcute/html-parser@0.31.0", "", { "dependencies": { "@mtcute/core": "^0.31.0", "htmlparser2": "^10.0.0", "long": "^5.3.2" } }, "sha512-pOGx9KYe5VU0/JjeFOzxPf+cb/I+mDRWU0f97dTq3LJUSjisbGoJ3dCUlYXJb38s495ar2Cb96+22iqDviurKw=="],

    "@mtcute/markdown-parser": ["@mtcute/markdown-parser@0.31.0", "", { "dependencies": { "@mtcute/core": "^0.31.0", "long": "^5.3.2" } }, "sha512-PfGJslFkcNX4sm+o7tn7dEc0lNHp1lVXxNafhaqTEHfXV5n+VE5hh9j8cKds0OHXu6tGqA6Pe6rXfz50dMflsg=="],

    "@mtcute/tl-runtime": ["@mtcute/tl-runtime@0.31.0", "", { "dependencies": { "@fuman/utils": "0.0.21", "long": "^5.3.2" } }, "sha512-WQmSidKtLc2bqhp6GUuuA+SPt95kCfTNsEJ+WiTXRscN/NddkK7KTuUmvRO4LYz3Qic3JyD2WvDDOg9P00ktFA=="],

    "@mtcute/wasm": ["@mtcute/wasm@0.31.0", "", {}, "sha512-w63BQpL1o/LOP6hzBeLKQw4GIr8kAmCOgztfrjJfBho8M544Euf/FyH8+WXxdmJmiLiUB2ZEL0C3k4a3U+2t8Q=="],

    "@opentui/core": ["@opentui/core@0.5.1", "", { "dependencies": { "bun-ffi-structs": "0.3.1", "diff": "9.0.0", "marked": "17.0.1", "string-width": "7.2.0", "strip-ansi": "7.1.2" }, "optionalDependencies": { "@opentui/core-darwin-arm64": "0.5.1", "@opentui/core-darwin-x64": "0.5.1", "@opentui/core-linux-arm64": "0.5.1", "@opentui/core-linux-arm64-musl": "0.5.1", "@opentui/core-linux-x64": "0.5.1", "@opentui/core-linux-x64-musl": "0.5.1", "@opentui/core-win32-arm64": "0.5.1", "@opentui/core-win32-x64": "0.5.1" }, "peerDependencies": { "web-tree-sitter": "0.25.10" } }, "sha512-mIBFyqIP4rkhQ35uldLXWawWQ6S9tvNWvmxGmDJ7W9cLXjegG6gKEfZ/4NyIMma755ERs/sqO/pIh3Ytf3DDFg=="],

    "@opentui/core-darwin-arm64": ["@opentui/core-darwin-arm64@0.5.1", "", { "os": "darwin", "cpu": "arm64" }, "sha512-Yl3JBLYRrBN+SxXY/gYaqCT/JNrN50K4xO7hYC+/Si8/FgOrBlbRmfJIUNQdZMMLUvOMA+I813+hDw3xfarBzQ=="],

    "@opentui/core-darwin-x64": ["@opentui/core-darwin-x64@0.5.1", "", { "os": "darwin", "cpu": "x64" }, "sha512-kqMVu+LGuHSCxYFkVJtmuyLLLTMztILSNnlx1eSpHHUiDV4PMc+zkxwRIXO+o0TFTW3gNUKleKUkggriYje7Vw=="],

    "@opentui/core-linux-arm64": ["@opentui/core-linux-arm64@0.5.1", "", { "os": "linux", "cpu": "arm64" }, "sha512-PpE1nCHRkxEvSYyZFMToPHjQoVh50A7+BbgetlTX/5ImXzo6iSO83a+7M/1WgZnNu+uZJf5GZKAAcLoRrvQl3Q=="],

    "@opentui/core-linux-arm64-musl": ["@opentui/core-linux-arm64-musl@0.5.1", "", { "os": "linux", "cpu": "arm64" }, "sha512-rmFMtiCm8I0fESB834sTN/ewoI+QDSber588ZO+i08JR6mbv7hkiKW2H/MhiAY1GxGK4nXApleBMyGVOlVDvgQ=="],

    "@opentui/core-linux-x64": ["@opentui/core-linux-x64@0.5.1", "", { "os": "linux", "cpu": "x64" }, "sha512-/CxFxFv+ffMof2nYQrpgEfNkWKkKxYUSfwdt2RdDN5fZRhcxjE949743rV0Oovw5Az63qxPgbyfcZVNVO2HVNg=="],

    "@opentui/core-linux-x64-musl": ["@opentui/core-linux-x64-musl@0.5.1", "", { "os": "linux", "cpu": "x64" }, "sha512-WO8RjhqKyqW/7P0xHdEVT8JGfU2MO7RlK0kdkNnRSnAEVwsTNd2ibhmKDPLGpo/DKaLuA00CsnrNiLGZZiQJKQ=="],

    "@opentui/core-win32-arm64": ["@opentui/core-win32-arm64@0.5.1", "", { "os": "win32", "cpu": "arm64" }, "sha512-AgeTjZbdMxSiuBjyLvcug91qd1Ds6Dlg5z4lCInqL7mPQicDEnKZs5lF2FAaktcU7RPi2wLybbQ/vM0NbpXYmw=="],

    "@opentui/core-win32-x64": ["@opentui/core-win32-x64@0.5.1", "", { "os": "win32", "cpu": "x64" }, "sha512-VttbQHVoZQ5uW5IcQeUHPEx/WFQ2mMflukhhbBjpNSdZOPdzmmC4QGFPQznJVwuzXTnjQ2Nll4AY0ROJ/Q3nkw=="],

    "@types/bun": ["@types/bun@1.3.14", "", { "dependencies": { "bun-types": "1.3.14" } }, "sha512-h1hFqFVcvAvD9j9K7ZW7vd82aSA+rTdznZa+5bwvCwqSB1jmmfLcbIWhOLx1/+boy/xmjgCs/OMUL8hRJSmnPw=="],

    "@types/events": ["@types/events@3.0.0", "", {}, "sha512-EaObqwIvayI5a8dCzhFrjKzVwKLxjoG9T6Ppd5CEo07LRKfQ8Yokw54r5+Wq7FaBQ+yXRvQAYPrHwya1/UFt9g=="],

    "@types/node": ["@types/node@26.2.0", "", { "dependencies": { "undici-types": "~8.3.0" } }, "sha512-5IviulTZeRNp2vAJ514cc/HUlY5nZ9fCbq9DMyC52BrhFZACo3nI0R7qBxhQmo/d27NFe96ur/b7Wwxklda+kg=="],

    "ansi-regex": ["ansi-regex@6.2.2", "", {}, "sha512-Bq3SmSpyFHaWjPk8If9yc6svM8c56dB5BAtW4Qbw5jHTwwXXcTLoRMkpDJp6VL0XzlWaCHTXrkFURMYmD0sLqg=="],

    "bun-ffi-structs": ["bun-ffi-structs@0.3.1", "", { "peerDependencies": { "typescript": "^5" } }, "sha512-3gM7PpVWLyrwxWjcilSiGuhWanhZivvo6l0u573NziPH6f/gwk6McbaYgn7oJWov6pKGRTDbrg94W5DcJsKTtQ=="],

    "bun-types": ["bun-types@1.3.14", "", { "dependencies": { "@types/node": "*" } }, "sha512-4N0ig0fEomHt5R0KCFWjovxow98rIoRwKolrYdCcknNwMekCXRnWEUvgu5soYV8QXtVsrUD8B95MBOZGPvr6KQ=="],

    "diff": ["diff@9.0.0", "", {}, "sha512-svtcdpS8CgJyqAjEQIXdb3OjhFVVYjzGAPO8WGCmRbrml64SPw/jJD4GoE98aR7r25A0XcgrK3F02yw9R/vhQw=="],

    "dom-serializer": ["dom-serializer@2.0.0", "", { "dependencies": { "domelementtype": "^2.3.0", "domhandler": "^5.0.2", "entities": "^4.2.0" } }, "sha512-wIkAryiqt/nV5EQKqQpo3SToSOV9J0DnbJqwK7Wv/Trc92zIAYZ4FlMu+JPFW1DfGFt81ZTCGgDEabffXeLyJg=="],

    "domelementtype": ["domelementtype@2.3.0", "", {}, "sha512-OLETBj6w0OsagBwdXnPdN0cnMfF9opN69co+7ZrbfPGrdpPVNBUj02spi6B1N7wChLQiPn4CSH/zJvXw56gmHw=="],

    "domhandler": ["domhandler@5.0.3", "", { "dependencies": { "domelementtype": "^2.3.0" } }, "sha512-cgwlv/1iFQiFnU96XXgROh8xTeetsnJiDsTc7TYCLFd9+/WNkIqPTxiM/8pSd8VIrhXGTf1Ny1q1hquVqDJB5w=="],

    "domutils": ["domutils@3.2.2", "", { "dependencies": { "dom-serializer": "^2.0.0", "domelementtype": "^2.3.0", "domhandler": "^5.0.3" } }, "sha512-6kZKyUajlDuqlHKVX1w7gyslj9MPIXzIFiz/rGu35uC1wMi+kMhQwGhl4lt9unC9Vb9INnY9Z3/ZA3+FhASLaw=="],

    "emoji-regex": ["emoji-regex@10.6.0", "", {}, "sha512-toUI84YS5YmxW219erniWD0CIVOo46xGKColeNQRgOzDorgBi1v4D71/OFzgD9GO2UGKIv1C3Sp8DAn0+j5w7A=="],

    "entities": ["entities@7.0.1", "", {}, "sha512-TWrgLOFUQTH994YUyl1yT4uyavY5nNB5muff+RtWaqNVCAK408b5ZnnbNAUEWLTCpum9w6arT70i1XdQ4UeOPA=="],

    "get-east-asian-width": ["get-east-asian-width@1.6.0", "", {}, "sha512-QRbvDIbx6YklUe6RxeTeleMR0yv3cYH6PsPZHcnVn7xv7zO1BHN8r0XETu8n6Ye3Q+ahtSarc3WgtNWmehIBfA=="],

    "htmlparser2": ["htmlparser2@10.1.0", "", { "dependencies": { "domelementtype": "^2.3.0", "domhandler": "^5.0.3", "domutils": "^3.2.2", "entities": "^7.0.1" } }, "sha512-VTZkM9GWRAtEpveh7MSF6SjjrpNVNNVJfFup7xTY3UpFtm67foy9HDVXneLtFVt4pMz5kZtgNcvCniNFb1hlEQ=="],

    "long": ["long@5.3.2", "", {}, "sha512-mNAgZ1GmyNhD7AuqnTG3/VQ26o760+ZYBPKjPvugO8+nLbYfX6TVpJPseBvopbdY+qpZ/lKUnmEc1LeZYS3QAA=="],

    "marked": ["marked@17.0.1", "", { "bin": { "marked": "bin/marked.js" } }, "sha512-boeBdiS0ghpWcSwoNm/jJBwdpFaMnZWRzjA6SkUMYb40SVaN1x7mmfGKp0jvexGcx+7y2La5zRZsYFZI6Qpypg=="],

    "string-width": ["string-width@7.2.0", "", { "dependencies": { "emoji-regex": "^10.3.0", "get-east-asian-width": "^1.0.0", "strip-ansi": "^7.1.0" } }, "sha512-tsaTIkKW9b4N+AEj+SVA+WhJzV7/zMhcSu78mLKWSk7cXMOSHsBKFWUs0fWwq8QyK3MgJBQRX6Gbi4kYbdvGkQ=="],

    "strip-ansi": ["strip-ansi@7.1.2", "", { "dependencies": { "ansi-regex": "^6.0.1" } }, "sha512-gmBGslpoQJtgnMAvOVqGZpEz9dyoKTCzy2nfz/n8aIFhN/jCE/rCmcxabB6jOOHV+0WNnylOxaxBQPSvcWklhA=="],

    "typescript": ["typescript@5.9.3", "", { "bin": { "tsc": "bin/tsc", "tsserver": "bin/tsserver" } }, "sha512-jl1vZzPDinLr9eUt3J/t7V6FgNEw9QjvBPdysz9KfQDD41fQrC2Y4vKQdiaUpFT4bXlb1RHhLpp8wtm6M5TgSw=="],

    "undici-types": ["undici-types@8.3.0", "", {}, "sha512-j375ScV60dom+YkPFIfTLcOiPxkN/buHz5GobjLhixFuANaNs3C9l4GmrWqejgXWJ7BbJcFYpTEUkS1Ge8bpZQ=="],

    "web-tree-sitter": ["web-tree-sitter@0.25.10", "", { "peerDependencies": { "@types/emscripten": "^1.40.0" }, "optionalPeers": ["@types/emscripten"] }, "sha512-Y09sF44/13XvgVKgO2cNDw5rGk6s26MgoZPXLESvMXeefBf7i6/73eFurre0IsTW6E14Y0ArIzhUMmjoc7xyzA=="],

    "dom-serializer/entities": ["entities@4.5.0", "", {}, "sha512-V0hjH4dGPh9Ao5p0MoRY6BVqtwCjhz6vI5LT8AJ55H+4g9/4vbHx1I54fS0XuclLhDHArPQCiMjDxjaL8fPxhw=="],
  }
}
